
Microsoft Visual Studio Solution File, Format Version 12.00
# Visual Studio Version 16
VisualStudioVersion = 16.0.29424.173
MinimumVisualStudioVersion = 10.0.40219.1
Project("{FAE04EC0-301F-11D3-BF4B-00C04F79EFBC}") = "ProjetoSegurança", "ProjetoSegurança\ProjetoSegurança.csproj", "{9C003025-1A9B-4697-898E-1B0E9D4D288C}"
EndProject
Global
	GlobalSection(SolutionConfigurationPlatforms) = preSolution
		Debug|Any CPU = Debug|Any CPU
		Release|Any CPU = Release|Any CPU
	EndGlobalSection
	GlobalSection(ProjectConfigurationPlatforms) = postSolution
		{9C003025-1A9B-4697-898E-1B0E9D4D288C}.Debug|Any CPU.ActiveCfg = Debug|Any CPU
		{9C003025-1A9B-4697-898E-1B0E9D4D288C}.Debug|Any CPU.Build.0 = Debug|Any CPU
		{9C003025-1A9B-4697-898E-1B0E9D4D288C}.Release|Any CPU.ActiveCfg = Release|Any CPU
		{9C003025-1A9B-4697-898E-1B0E9D4D288C}.Release|Any CPU.Build.0 = Release|Any CPU
	EndGlobalSection
	GlobalSection(SolutionProperties) = preSolution
		HideSolutionNode = FALSE
	EndGlobalSection
	GlobalSection(ExtensibilityGlobals) = postSolution
		SolutionGuid = {6451438A-5B25-4174-BEC5-D9E42FA58226}
	EndGlobalSection
EndGlobal
